
Microsoft Visual Studio Solution File, Format Version 12.00
# Visual Studio 14
VisualStudioVersion = 14.0.25420.1
MinimumVisualStudioVersion = 10.0.40219.1
Project("{FAE04EC0-301F-11D3-BF4B-00C04F79EFBC}") = "Turing Machine", "Turing Machine\Turing Machine.csproj", "{BEF7EA29-C51C-4875-8499-072AB8CFF99D}"
EndProject
Project("{2150E333-8FDC-42A3-9474-1A3956D46DE8}") = "Solution Items", "Solution Items", "{871E7F39-485F-472E-80BD-9557FB879131}"
	ProjectSection(SolutionItems) = preProject
		Turing Machine\bin\Debug\programInput.txt = Turing Machine\bin\Debug\programInput.txt
	EndProjectSection
EndProject
Global
	GlobalSection(SolutionConfigurationPlatforms) = preSolution
		Debug|Any CPU = Debug|Any CPU
		Release|Any CPU = Release|Any CPU
	EndGlobalSection
	GlobalSection(ProjectConfigurationPlatforms) = postSolution
		{BEF7EA29-C51C-4875-8499-072AB8CFF99D}.Debug|Any CPU.ActiveCfg = Debug|Any CPU
		{BEF7EA29-C51C-4875-8499-072AB8CFF99D}.Debug|Any CPU.Build.0 = Debug|Any CPU
		{BEF7EA29-C51C-4875-8499-072AB8CFF99D}.Release|Any CPU.ActiveCfg = Release|Any CPU
		{BEF7EA29-C51C-4875-8499-072AB8CFF99D}.Release|Any CPU.Build.0 = Release|Any CPU
	EndGlobalSection
	GlobalSection(SolutionProperties) = preSolution
		HideSolutionNode = FALSE
	EndGlobalSection
EndGlobal
